
Microsoft Visual Studio Solution File, Format Version 12.00
# Visual Studio Version 17
VisualStudioVersion = 17.14.36401.2 d17.14
MinimumVisualStudioVersion = 10.0.40219.1
Project("{FAE04EC0-301F-11D3-BF4B-00C04F79EFBC}") = "Message", "Message.csproj", "{CC0989C2-1784-41AD-A8EB-877E1CBB6197}"
EndProject
Global
	GlobalSection(SolutionConfigurationPlatforms) = preSolution
		Debug|Any CPU = Debug|Any CPU
		Release|Any CPU = Release|Any CPU
	EndGlobalSection
	GlobalSection(ProjectConfigurationPlatforms) = postSolution
		{CC0989C2-1784-41AD-A8EB-877E1CBB6197}.Debug|Any CPU.ActiveCfg = Debug|Any CPU
		{CC0989C2-1784-41AD-A8EB-877E1CBB6197}.Debug|Any CPU.Build.0 = Debug|Any CPU
		{CC0989C2-1784-41AD-A8EB-877E1CBB6197}.Release|Any CPU.ActiveCfg = Release|Any CPU
		{CC0989C2-1784-41AD-A8EB-877E1CBB6197}.Release|Any CPU.Build.0 = Release|Any CPU
	EndGlobalSection
	GlobalSection(SolutionProperties) = preSolution
		HideSolutionNode = FALSE
	EndGlobalSection
	GlobalSection(ExtensibilityGlobals) = postSolution
		SolutionGuid = {0AE28B13-BF30-4C3C-88D2-C8228F7FDAF5}
	EndGlobalSection
EndGlobal
